
Microsoft Visual Studio Solution File, Format Version 12.00
# Visual Studio Version 17
VisualStudioVersion = 17.14.36511.14 d17.14
MinimumVisualStudioVersion = 10.0.40219.1
Project("{FAE04EC0-301F-11D3-BF4B-00C04F79EFBC}") = "AuthAPI", "AuthAPI\AuthAPI.csproj", "{7869C602-F513-42AE-8A6C-11AF79F935EA}"
EndProject
Project("{FAE04EC0-301F-11D3-BF4B-00C04F79EFBC}") = "WebClient", "WebClient\WebClient.csproj", "{27402EC1-9C54-4098-BE1D-A4BC6AC9AC11}"
EndProject
Project("{FAE04EC0-301F-11D3-BF4B-00C04F79EFBC}") = "StudentAPI", "StudentAPI\StudentAPI.csproj", "{2D9686A2-ACD1-4026-AE80-9DAC03B313C5}"
EndProject
Global
	GlobalSection(SolutionConfigurationPlatforms) = preSolution
		Debug|Any CPU = Debug|Any CPU
		Release|Any CPU = Release|Any CPU
	EndGlobalSection
	GlobalSection(ProjectConfigurationPlatforms) = postSolution
		{7869C602-F513-42AE-8A6C-11AF79F935EA}.Debug|Any CPU.ActiveCfg = Debug|Any CPU
		{7869C602-F513-42AE-8A6C-11AF79F935EA}.Debug|Any CPU.Build.0 = Debug|Any CPU
		{7869C602-F513-42AE-8A6C-11AF79F935EA}.Release|Any CPU.ActiveCfg = Release|Any CPU
		{7869C602-F513-42AE-8A6C-11AF79F935EA}.Release|Any CPU.Build.0 = Release|Any CPU
		{27402EC1-9C54-4098-BE1D-A4BC6AC9AC11}.Debug|Any CPU.ActiveCfg = Debug|Any CPU
		{27402EC1-9C54-4098-BE1D-A4BC6AC9AC11}.Debug|Any CPU.Build.0 = Debug|Any CPU
		{27402EC1-9C54-4098-BE1D-A4BC6AC9AC11}.Release|Any CPU.ActiveCfg = Release|Any CPU
		{27402EC1-9C54-4098-BE1D-A4BC6AC9AC11}.Release|Any CPU.Build.0 = Release|Any CPU
		{2D9686A2-ACD1-4026-AE80-9DAC03B313C5}.Debug|Any CPU.ActiveCfg = Debug|Any CPU
		{2D9686A2-ACD1-4026-AE80-9DAC03B313C5}.Debug|Any CPU.Build.0 = Debug|Any CPU
		{2D9686A2-ACD1-4026-AE80-9DAC03B313C5}.Release|Any CPU.ActiveCfg = Release|Any CPU
		{2D9686A2-ACD1-4026-AE80-9DAC03B313C5}.Release|Any CPU.Build.0 = Release|Any CPU
	EndGlobalSection
	GlobalSection(SolutionProperties) = preSolution
		HideSolutionNode = FALSE
	EndGlobalSection
	GlobalSection(ExtensibilityGlobals) = postSolution
		SolutionGuid = {6536AA12-FD0B-4939-A381-71BBB8E9CEDA}
	EndGlobalSection
EndGlobal
